
Microsoft Visual Studio Solution File, Format Version 12.00
# Visual Studio Version 16
VisualStudioVersion = 16.0.29215.179
MinimumVisualStudioVersion = 10.0.40219.1
Project("{FAE04EC0-301F-11D3-BF4B-00C04F79EFBC}") = "HolaMundo", "HolaMundo\HolaMundo.csproj", "{D44DAC3A-ECE1-4C14-AD62-AD9A846F6B59}"
EndProject
Global
	GlobalSection(SolutionConfigurationPlatforms) = preSolution
		Debug|Any CPU = Debug|Any CPU
		Release|Any CPU = Release|Any CPU
	EndGlobalSection
	GlobalSection(ProjectConfigurationPlatforms) = postSolution
		{D44DAC3A-ECE1-4C14-AD62-AD9A846F6B59}.Debug|Any CPU.ActiveCfg = Debug|Any CPU
		{D44DAC3A-ECE1-4C14-AD62-AD9A846F6B59}.Debug|Any CPU.Build.0 = Debug|Any CPU
		{D44DAC3A-ECE1-4C14-AD62-AD9A846F6B59}.Release|Any CPU.ActiveCfg = Release|Any CPU
		{D44DAC3A-ECE1-4C14-AD62-AD9A846F6B59}.Release|Any CPU.Build.0 = Release|Any CPU
	EndGlobalSection
	GlobalSection(SolutionProperties) = preSolution
		HideSolutionNode = FALSE
	EndGlobalSection
	GlobalSection(ExtensibilityGlobals) = postSolution
		SolutionGuid = {76AE8FE4-C923-4713-9638-C20BACA10D03}
	EndGlobalSection
EndGlobal
